// !$*UTF8*$!
{
	archiveVersion = 1;
	classes = {
	};
	objectVersion = 46;
	objects = {

/* Begin PBXBuildFile section */
		D32D02CD1E32093F004B8173 /* AppDelegate.swift in Sources */ = {isa = PBXBuildFile; fileRef = D32D02CC1E32093F004B8173 /* AppDelegate.swift */; };
		D32D02CF1E32093F004B8173 /* ViewController.swift in Sources */ = {isa = PBXBuildFile; fileRef = D32D02CE1E32093F004B8173 /* ViewController.swift */; };
		D32D02D21E32093F004B8173 /* Main.storyboard in Resources */ = {isa = PBXBuildFile; fileRef = D32D02D01E32093F004B8173 /* Main.storyboard */; };
		D32D02D41E32093F004B8173 /* Assets.xcassets in Resources */ = {isa = PBXBuildFile; fileRef = D32D02D31E32093F004B8173 /* Assets.xcassets */; };
		D32D02D71E32093F004B8173 /* LaunchScreen.storyboard in Resources */ = {isa = PBXBuildFile; fileRef = D32D02D51E32093F004B8173 /* LaunchScreen.storyboard */; };
/* End PBXBuildFile section */

/* Begin PBXFileReference section */
		D32D02C91E32093F004B8173 /* savethekitten.app */ = {isa = PBXFileReference; explicitFileType = wrapper.application; includeInIndex = 0; path = savethekitten.app; sourceTree = BUILT_PRODUCTS_DIR; };
		D32D02CC1E32093F004B8173 /* AppDelegate.swift */ = {isa = PBXFileReference; lastKnownFileType = sourcecode.swift; path = AppDelegate.swift; sourceTree = "<group>"; };
		D32D02CE1E32093F004B8173 /* ViewController.swift */ = {isa = PBXFileReference; lastKnownFileType = sourcecode.swift; path = ViewController.swift; sourceTree = "<group>"; };
		D32D02D11E32093F004B8173 /* Base */ = {isa = PBXFileReference; lastKnownFileType = file.storyboard; name = Base; path = Base.lproj/Main.storyboard; sourceTree = "<group>"; };
		D32D02D31E32093F004B8173 /* Assets.xcassets */ = {isa = PBXFileReference; lastKnownFileType = folder.assetcatalog; path = Assets.xcassets; sourceTree = "<group>"; };
		D32D02D61E32093F004B8173 /* Base */ = {isa = PBXFileReference; lastKnownFileType = file.storyboard; name = Base; path = Base.lproj/LaunchScreen.storyboard; sourceTree = "<group>"; };
		D32D02D81E32093F004B8173 /* Info.plist */ = {isa = PBXFileReference; lastKnownFileType = text.plist.xml; path = Info.plist; sourceTree = "<group>"; };
/* End PBXFileReference section */

/* Begin PBXFrameworksBuildPhase section */
		D32D02C61E32093F004B8173 /* Frameworks */ = {
			isa = PBXFrameworksBuildPhase;
			buildActionMask = 2147483647;
			files = (
			);
			runOnlyForDeploymentPostprocessing = 0;
		};
/* End PBXFrameworksBuildPhase section */

/* Begin PBXGroup section */
		D32D02C01E32093F004B8173 = {
			isa = PBXGroup;
			children = (
				D32D02CB1E32093F004B8173 /* savethekitten */,
				D32D02CA1E32093F004B8173 /* Products */,
			);
			sourceTree = "<group>";
		};
		D32D02CA1E32093F004B8173 /* Products */ = {
			isa = PBXGroup;
			children = (
				D32D02C91E32093F004B8173 /* savethekitten.app */,
			);
			name = Products;
			sourceTree = "<group>";
		};
		D32D02CB1E32093F004B8173 /* savethekitten */ = {
			isa = PBXGroup;
			children = (
				D32D02CC1E32093F004B8173 /* AppDelegate.swift */,
				D32D02CE1E32093F004B8173 /* ViewController.swift */,
				D32D02D01E32093F004B8173 /* Main.storyboard */,
				D32D02D31E32093F004B8173 /* Assets.xcassets */,
				D32D02D51E32093F004B8173 /* LaunchScreen.storyboard */,
				D32D02D81E32093F004B8173 /* Info.plist */,
			);
			path = savethekitten;
			sourceTree = "<group>";
		};
/* End PBXGroup section */

/* Begin PBXNativeTarget section */
		D32D02C81E32093F004B8173 /* savethekitten */ = {
			isa = PBXNativeTarget;
			buildConfigurationList = D32D02DB1E32093F004B8173 /* Build configuration list for PBXNativeTarget "savethekitten" */;
			buildPhases = (
				D32D02C51E32093F004B8173 /* Sources */,
				D32D02C61E32093F004B8173 /* Frameworks */,
				D32D02C71E32093F004B8173 /* Resources */,
			);
			buildRules = (
			);
			dependencies = (
			);
			name = savethekitten;
			productName = savethekitten;
			productReference = D32D02C91E32093F004B8173 /* savethekitten.app */;
			productType = "com.apple.product-type.application";
		};
/* End PBXNativeTarget section */

/* Begin PBXProject section */
		D32D02C11E32093F004B8173 /* Project object */ = {
			isa = PBXProject;
			attributes = {
				LastSwiftUpdateCheck = 0820;
				LastUpgradeCheck = 0820;
				ORGANIZATIONNAME = "Reverie Works";
				TargetAttributes = {
					D32D02C81E32093F004B8173 = {
						CreatedOnToolsVersion = 8.2.1;
						ProvisioningStyle = Automatic;
					};
				};
			};
			buildConfigurationList = D32D02C41E32093F004B8173 /* Build configuration list for PBXProject "savethekitten" */;
			compatibilityVersion = "Xcode 3.2";
			developmentRegion = English;
			hasScannedForEncodings = 0;
			knownRegions = (
				en,
				Base,
			);
			mainGroup = D32D02C01E32093F004B8173;
			productRefGroup = D32D02CA1E32093F004B8173 /* Products */;
			projectDirPath = "";
			projectRoot = "";
			targets = (
				D32D02C81E32093F004B8173 /* savethekitten */,
			);
		};
/* End PBXProject section */

/* Begin PBXResourcesBuildPhase section */
		D32D02C71E32093F004B8173 /* Resources */ = {
			isa = PBXResourcesBuildPhase;
			buildActionMask = 2147483647;
			files = (
				D32D02D71E32093F004B8173 /* LaunchScreen.storyboard in Resources */,
				D32D02D41E32093F004B8173 /* Assets.xcassets in Resources */,
				D32D02D21E32093F004B8173 /* Main.storyboard in Resources */,
			);
			runOnlyForDeploymentPostprocessing = 0;
		};
/* End PBXResourcesBuildPhase section */

/* Begin PBXSourcesBuildPhase section */
		D32D02C51E32093F004B8173 /* Sources */ = {
			isa = PBXSourcesBuildPhase;
			buildActionMask = 2147483647;
			files = (
				D32D02CF1E32093F004B8173 /* ViewController.swift in Sources */,
				D32D02CD1E32093F004B8173 /* AppDelegate.swift in Sources */,
			);
			runOnlyForDeploymentPostprocessing = 0;
		};
/* End PBXSourcesBuildPhase section */

/* Begin PBXVariantGroup section */
		D32D02D01E32093F004B8173 /* Main.storyboard */ = {
			isa = PBXVariantGroup;
			children = (
				D32D02D11E32093F004B8173 /* Base */,
			);
			name = Main.storyboard;
			sourceTree = "<group>";
		};
		D32D02D51E32093F004B8173 /* LaunchScreen.storyboard */ = {
			isa = PBXVariantGroup;
			children = (
				D32D02D61E32093F004B8173 /* Base */,
			);
			name = LaunchScreen.storyboard;
			sourceTree = "<group>";
		};
/* End PBXVariantGroup section */

/* Begin XCBuildConfiguration section */
		D32D02D91E32093F004B8173 /* Debug */ = {
			isa = XCBuildConfiguration;
			buildSettings = {
				ALWAYS_SEARCH_USER_PATHS = NO;
				CLANG_ANALYZER_NONNULL = YES;
				CLANG_CXX_LANGUAGE_STANDARD = "gnu++0x";
				CLANG_CXX_LIBRARY = "libc++";
				CLANG_ENABLE_MODULES = YES;
				CLANG_ENABLE_OBJC_ARC = YES;
				CLANG_WARN_BOOL_CONVERSION = YES;
				CLANG_WARN_CONSTANT_CONVERSION = YES;
				CLANG_WARN_DIRECT_OBJC_ISA_USAGE = YES_ERROR;
				CLANG_WARN_DOCUMENTATION_COMMENTS = YES;
				CLANG_WARN_EMPTY_BODY = YES;
				CLANG_WARN_ENUM_CONVERSION = YES;
				CLANG_WARN_INFINITE_RECURSION = YES;
				CLANG_WARN_INT_CONVERSION = YES;
				CLANG_WARN_OBJC_ROOT_CLASS = YES_ERROR;
				CLANG_WARN_SUSPICIOUS_MOVE = YES;
				CLANG_WARN_UNREACHABLE_CODE = YES;
				CLANG_WARN__DUPLICATE_METHOD_MATCH = YES;
				"CODE_SIGN_IDENTITY[sdk=iphoneos*]" = "iPhone Developer";
				COPY_PHASE_STRIP = NO;
				DEBUG_INFORMATION_FORMAT = dwarf;
				ENABLE_STRICT_OBJC_MSGSEND = YES;
				ENABLE_TESTABILITY = YES;
				GCC_C_LANGUAGE_STANDARD = gnu99;
				GCC_DYNAMIC_NO_PIC = NO;
				GCC_NO_COMMON_BLOCKS = YES;
				GCC_OPTIMIZATION_LEVEL = 0;
				GCC_PREPROCESSOR_DEFINITIONS = (
					"DEBUG=1",
					"$(inherited)",
				);
				GCC_WARN_64_TO_32_BIT_CONVERSION = YES;
				GCC_WARN_ABOUT_RETURN_TYPE = YES_ERROR;
				GCC_WARN_UNDECLARED_SELECTOR = YES;
				GCC_WARN_UNINITIALIZED_AUTOS = YES_AGGRESSIVE;
				GCC_WARN_UNUSED_FUNCTION = YES;
				GCC_WARN_UNUSED_VARIABLE = YES;
				IPHONEOS_DEPLOYMENT_TARGET = 10.2;
				MTL_ENABLE_DEBUG_INFO = YES;
				ONLY_ACTIVE_ARCH = YES;
				SDKROOT = iphoneos;
				SWIFT_ACTIVE_COMPILATION_CONDITIONS = DEBUG;
				SWIFT_OPTIMIZATION_LEVEL = "-Onone";
			};
			name = Debug;
		};
		D32D02DA1E32093F004B8173 /* Release */ = {
			isa = XCBuildConfiguration;
			buildSettings = {
				ALWAYS_SEARCH_USER_PATHS = NO;
				CLANG_ANALYZER_NONNULL = YES;
				CLANG_CXX_LANGUAGE_STANDARD = "gnu++0x";
				CLANG_CXX_LIBRARY = "libc++";
				CLANG_ENABLE_MODULES = YES;
				CLANG_ENABLE_OBJC_ARC = YES;
				CLANG_WARN_BOOL_CONVERSION = YES;
				CLANG_WARN_CONSTANT_CONVERSION = YES;
				CLANG_WARN_DIRECT_OBJC_ISA_USAGE = YES_ERROR;
				CLANG_WARN_DOCUMENTATION_COMMENTS = YES;
				CLANG_WARN_EMPTY_BODY = YES;
				CLANG_WARN_ENUM_CONVERSION = YES;
				CLANG_WARN_INFINITE_RECURSION = YES;
				CLANG_WARN_INT_CONVERSION = YES;
				CLANG_WARN_OBJC_ROOT_CLASS = YES_ERROR;
				CLANG_WARN_SUSPICIOUS_MOVE = YES;
				CLANG_WARN_UNREACHABLE_CODE = YES;
				CLANG_WARN__DUPLICATE_METHOD_MATCH = YES;
				"CODE_SIGN_IDENTITY[sdk=iphoneos*]" = "iPhone Developer";
				COPY_PHASE_STRIP = NO;
				DEBUG_INFORMATION_FORMAT = "dwarf-with-dsym";
				ENABLE_NS_ASSERTIONS = NO;
				ENABLE_STRICT_OBJC_MSGSEND = YES;
				GCC_C_LANGUAGE_STANDARD = gnu99;
				GCC_NO_COMMON_BLOCKS = YES;
				GCC_WARN_64_TO_32_BIT_CONVERSION = YES;
				GCC_WARN_ABOUT_RETURN_TYPE = YES_ERROR;
				GCC_WARN_UNDECLARED_SELECTOR = YES;
				GCC_WARN_UNINITIALIZED_AUTOS = YES_AGGRESSIVE;
				GCC_WARN_UNUSED_FUNCTION = YES;
				GCC_WARN_UNUSED_VARIABLE = YES;
				IPHONEOS_DEPLOYMENT_TARGET = 10.2;
				MTL_ENABLE_DEBUG_INFO = NO;
				SDKROOT = iphoneos;
				SWIFT_OPTIMIZATION_LEVEL = "-Owholemodule";
				VALIDATE_PRODUCT = YES;
			};
			name = Release;
		};
		D32D02DC1E32093F004B8173 /* Debug */ = {
			isa = XCBuildConfiguration;
			buildSettings = {
				ASSETCATALOG_COMPILER_APPICON_NAME = AppIcon;
				INFOPLIST_FILE = savethekitten/Info.plist;
				LD_RUNPATH_SEARCH_PATHS = "$(inherited) @executable_path/Frameworks";
				PRODUCT_BUNDLE_IDENTIFIER = com.reverieworks.savethekitten;
				PRODUCT_NAME = "$(TARGET_NAME)";
				SWIFT_VERSION = 3.0;
			};
			name = Debug;
		};
		D32D02DD1E32093F004B8173 /* Release */ = {
			isa = XCBuildConfiguration;
			buildSettings = {
				ASSETCATALOG_COMPILER_APPICON_NAME = AppIcon;
				INFOPLIST_FILE = savethekitten/Info.plist;
				LD_RUNPATH_SEARCH_PATHS = "$(inherited) @executable_path/Frameworks";
				PRODUCT_BUNDLE_IDENTIFIER = com.reverieworks.savethekitten;
				PRODUCT_NAME = "$(TARGET_NAME)";
				SWIFT_VERSION = 3.0;
			};
			name = Release;
		};
/* End XCBuildConfiguration section */

/* Begin XCConfigurationList section */
		D32D02C41E32093F004B8173 /* Build configuration list for PBXProject "savethekitten" */ = {
			isa = XCConfigurationList;
			buildConfigurations = (
				D32D02D91E32093F004B8173 /* Debug */,
				D32D02DA1E32093F004B8173 /* Release */,
			);
			defaultConfigurationIsVisible = 0;
			defaultConfigurationName = Release;
		};
		D32D02DB1E32093F004B8173 /* Build configuration list for PBXNativeTarget "savethekitten" */ = {
			isa = XCConfigurationList;
			buildConfigurations = (
				D32D02DC1E32093F004B8173 /* Debug */,
				D32D02DD1E32093F004B8173 /* Release */,
			);
			defaultConfigurationIsVisible = 0;
		};
/* End XCConfigurationList section */
	};
	rootObject = D32D02C11E32093F004B8173 /* Project object */;
}
